
Microsoft Visual Studio Solution File, Format Version 10.00
# Visual Studio 2008
Project("{8BC9CEB8-8B4A-11D0-8D11-00A0C91BC942}") = "SlaveBMS", "SlaveBMS\SlaveBMS.vcproj", "{731CC553-23E2-456E-AF6B-0F6708CFA0E7}"
	ProjectSection(ProjectDependencies) = postProject
		{0ACE154C-DEAA-4840-8DF8-0BD588FC4528} = {0ACE154C-DEAA-4840-8DF8-0BD588FC4528}
	EndProjectSection
EndProject
Project("{8BC9CEB8-8B4A-11D0-8D11-00A0C91BC942}") = "ControlLib", "ControlLib\ControlLib.vcproj", "{0ACE154C-DEAA-4840-8DF8-0BD588FC4528}"
EndProject
Global
	GlobalSection(SolutionConfigurationPlatforms) = preSolution
		Debug Static|Win32 = Debug Static|Win32
		Debug Static|x64 = Debug Static|x64
		Debug|Win32 = Debug|Win32
		Debug|x64 = Debug|x64
		Release Static|Win32 = Release Static|Win32
		Release Static|x64 = Release Static|x64
		Release|Win32 = Release|Win32
		Release|x64 = Release|x64
	EndGlobalSection
	GlobalSection(ProjectConfigurationPlatforms) = postSolution
		{731CC553-23E2-456E-AF6B-0F6708CFA0E7}.Debug Static|Win32.ActiveCfg = Debug Static|Win32
		{731CC553-23E2-456E-AF6B-0F6708CFA0E7}.Debug Static|Win32.Build.0 = Debug Static|Win32
		{731CC553-23E2-456E-AF6B-0F6708CFA0E7}.Debug Static|x64.ActiveCfg = Debug Static|Win32
		{731CC553-23E2-456E-AF6B-0F6708CFA0E7}.Debug|Win32.ActiveCfg = Debug Static|Win32
		{731CC553-23E2-456E-AF6B-0F6708CFA0E7}.Debug|Win32.Build.0 = Debug Static|Win32
		{731CC553-23E2-456E-AF6B-0F6708CFA0E7}.Debug|x64.ActiveCfg = Debug Static|Win32
		{731CC553-23E2-456E-AF6B-0F6708CFA0E7}.Release Static|Win32.ActiveCfg = Release Static|Win32
		{731CC553-23E2-456E-AF6B-0F6708CFA0E7}.Release Static|Win32.Build.0 = Release Static|Win32
		{731CC553-23E2-456E-AF6B-0F6708CFA0E7}.Release Static|x64.ActiveCfg = Release Static|Win32
		{731CC553-23E2-456E-AF6B-0F6708CFA0E7}.Release|Win32.ActiveCfg = Release|Win32
		{731CC553-23E2-456E-AF6B-0F6708CFA0E7}.Release|Win32.Build.0 = Release|Win32
		{731CC553-23E2-456E-AF6B-0F6708CFA0E7}.Release|x64.ActiveCfg = Release|Win32
		{0ACE154C-DEAA-4840-8DF8-0BD588FC4528}.Debug Static|Win32.ActiveCfg = Debug Static|Win32
		{0ACE154C-DEAA-4840-8DF8-0BD588FC4528}.Debug Static|Win32.Build.0 = Debug Static|Win32
		{0ACE154C-DEAA-4840-8DF8-0BD588FC4528}.Debug Static|x64.ActiveCfg = Debug Static|Win32
		{0ACE154C-DEAA-4840-8DF8-0BD588FC4528}.Debug|Win32.ActiveCfg = Debug Static|Win32
		{0ACE154C-DEAA-4840-8DF8-0BD588FC4528}.Debug|Win32.Build.0 = Debug Static|Win32
		{0ACE154C-DEAA-4840-8DF8-0BD588FC4528}.Debug|x64.ActiveCfg = Debug Static|Win32
		{0ACE154C-DEAA-4840-8DF8-0BD588FC4528}.Release Static|Win32.ActiveCfg = Release Static|Win32
		{0ACE154C-DEAA-4840-8DF8-0BD588FC4528}.Release Static|Win32.Build.0 = Release Static|Win32
		{0ACE154C-DEAA-4840-8DF8-0BD588FC4528}.Release Static|x64.ActiveCfg = Release Static|Win32
		{0ACE154C-DEAA-4840-8DF8-0BD588FC4528}.Release|Win32.ActiveCfg = Release Static|Win32
		{0ACE154C-DEAA-4840-8DF8-0BD588FC4528}.Release|Win32.Build.0 = Release Static|Win32
		{0ACE154C-DEAA-4840-8DF8-0BD588FC4528}.Release|x64.ActiveCfg = Release Static|Win32
	EndGlobalSection
	GlobalSection(SolutionProperties) = preSolution
		HideSolutionNode = FALSE
	EndGlobalSection
EndGlobal
